
Microsoft Visual Studio Solution File, Format Version 12.00
# Visual Studio 15
VisualStudioVersion = 15.0.26730.16
MinimumVisualStudioVersion = 10.0.40219.1
Project("{8BC9CEB8-8B4A-11D0-8D11-00A0C91BC942}") = "G11_AA2-2", "src\G11_AA2-2\G11_AA2-2.vcxproj", "{236CA964-EDAE-4C14-9692-4CEFE24811F5}"
EndProject
Global
	GlobalSection(SolutionConfigurationPlatforms) = preSolution
		Debug|x64 = Debug|x64
		Debug|x86 = Debug|x86
		Release|x64 = Release|x64
		Release|x86 = Release|x86
	EndGlobalSection
	GlobalSection(ProjectConfigurationPlatforms) = postSolution
		{236CA964-EDAE-4C14-9692-4CEFE24811F5}.Debug|x64.ActiveCfg = Debug|x64
		{236CA964-EDAE-4C14-9692-4CEFE24811F5}.Debug|x64.Build.0 = Debug|x64
		{236CA964-EDAE-4C14-9692-4CEFE24811F5}.Debug|x86.ActiveCfg = Debug|Win32
		{236CA964-EDAE-4C14-9692-4CEFE24811F5}.Debug|x86.Build.0 = Debug|Win32
		{236CA964-EDAE-4C14-9692-4CEFE24811F5}.Release|x64.ActiveCfg = Release|x64
		{236CA964-EDAE-4C14-9692-4CEFE24811F5}.Release|x64.Build.0 = Release|x64
		{236CA964-EDAE-4C14-9692-4CEFE24811F5}.Release|x86.ActiveCfg = Release|Win32
		{236CA964-EDAE-4C14-9692-4CEFE24811F5}.Release|x86.Build.0 = Release|Win32
	EndGlobalSection
	GlobalSection(SolutionProperties) = preSolution
		HideSolutionNode = FALSE
	EndGlobalSection
	GlobalSection(ExtensibilityGlobals) = postSolution
		SolutionGuid = {BF00947B-F3C3-4283-98C3-E24918B55203}
	EndGlobalSection
EndGlobal
